
Microsoft Visual Studio Solution File, Format Version 12.00
# Visual Studio Version 17
VisualStudioVersion = 17.2.32414.248
MinimumVisualStudioVersion = 10.0.40219.1
Project("{9A19103F-16F7-4668-BE54-9A1E7A4F7556}") = "DevExpress", "DevExpress.csproj", "{8B0E07E3-4216-4BD1-8D53-3F9CAB148587}"
EndProject
Global
	GlobalSection(SolutionConfigurationPlatforms) = preSolution
		Debug|Any CPU = Debug|Any CPU
		Release|Any CPU = Release|Any CPU
	EndGlobalSection
	GlobalSection(ProjectConfigurationPlatforms) = postSolution
		{8B0E07E3-4216-4BD1-8D53-3F9CAB148587}.Debug|Any CPU.ActiveCfg = Debug|Any CPU
		{8B0E07E3-4216-4BD1-8D53-3F9CAB148587}.Debug|Any CPU.Build.0 = Debug|Any CPU
		{8B0E07E3-4216-4BD1-8D53-3F9CAB148587}.Release|Any CPU.ActiveCfg = Release|Any CPU
		{8B0E07E3-4216-4BD1-8D53-3F9CAB148587}.Release|Any CPU.Build.0 = Release|Any CPU
	EndGlobalSection
	GlobalSection(SolutionProperties) = preSolution
		HideSolutionNode = FALSE
	EndGlobalSection
	GlobalSection(ExtensibilityGlobals) = postSolution
		SolutionGuid = {F566AF1A-CBCD-4C25-9022-0680CFB82193}
	EndGlobalSection
EndGlobal
